// !$*UTF8*$!
{
	archiveVersion = 1;
	classes = {
	};
	objectVersion = 46;
	objects = {

/* Begin PBXBuildFile section */
		1AC6FB21180E996B004C840B /* libcocos2d Mac.a in Frameworks */ = {isa = PBXBuildFile; fileRef = 1AC6FAF9180E9839004C840B /* libcocos2d Mac.a */; };
		1AC6FB30180E99EB004C840B /* libcocos2d iOS.a in Frameworks */ = {isa = PBXBuildFile; fileRef = 1AC6FB07180E9839004C840B /* libcocos2d iOS.a */; };
		1D60589F0D05DD5A006BFB54 /* Foundation.framework in Frameworks */ = {isa = PBXBuildFile; fileRef = 1D30AB110D05D00D00671497 /* Foundation.framework */; };
		1DF5F4E00D08C38300B7A737 /* UIKit.framework in Frameworks */ = {isa = PBXBuildFile; fileRef = 1DF5F4DF0D08C38300B7A737 /* UIKit.framework */; };
		288765A50DF7441C002DB57D /* CoreGraphics.framework in Frameworks */ = {isa = PBXBuildFile; fileRef = 288765A40DF7441C002DB57D /* CoreGraphics.framework */; };
		3EACC98F19EE6D4300EB3C5E /* res in Resources */ = {isa = PBXBuildFile; fileRef = 3EACC98E19EE6D4300EB3C5E /* res */; };
		3EACC99019EE6D4300EB3C5E /* res in Resources */ = {isa = PBXBuildFile; fileRef = 3EACC98E19EE6D4300EB3C5E /* res */; };
		420BF9B61A79C980003E3709 /* spaceMonster2.plist in Resources */ = {isa = PBXBuildFile; fileRef = 420BF9B41A79C980003E3709 /* spaceMonster2.plist */; };
		420BF9B71A79C980003E3709 /* spaceMonster2.png in Resources */ = {isa = PBXBuildFile; fileRef = 420BF9B51A79C980003E3709 /* spaceMonster2.png */; };
		420BF9BE1A79E3ED003E3709 /* spaceMonster3.plist in Resources */ = {isa = PBXBuildFile; fileRef = 420BF9BC1A79E3ED003E3709 /* spaceMonster3.plist */; };
		420BF9BF1A79E3ED003E3709 /* spaceMonster3.png in Resources */ = {isa = PBXBuildFile; fileRef = 420BF9BD1A79E3ED003E3709 /* spaceMonster3.png */; };
		420BF9C11A7A09F2003E3709 /* spaceShip.png in Resources */ = {isa = PBXBuildFile; fileRef = 420BF9C01A7A09F2003E3709 /* spaceShip.png */; };
		420BF9C41A7A0CDA003E3709 /* CreditScene.cpp in Sources */ = {isa = PBXBuildFile; fileRef = 420BF9C21A7A0CDA003E3709 /* CreditScene.cpp */; };
		420BF9C61A7A0EAC003E3709 /* return.png in Resources */ = {isa = PBXBuildFile; fileRef = 420BF9C51A7A0EAC003E3709 /* return.png */; };
		420BF9C81A7A0EB5003E3709 /* return_pressed.png in Resources */ = {isa = PBXBuildFile; fileRef = 420BF9C71A7A0EB5003E3709 /* return_pressed.png */; };
		420BF9CA1A7A15D9003E3709 /* pause_pressed.png in Resources */ = {isa = PBXBuildFile; fileRef = 420BF9C91A7A15D9003E3709 /* pause_pressed.png */; };
		420BF9CC1A7A15E3003E3709 /* pause.png in Resources */ = {isa = PBXBuildFile; fileRef = 420BF9CB1A7A15E3003E3709 /* pause.png */; };
		420BF9D11A7B7301003E3709 /* rightArrow_pressed.png in Resources */ = {isa = PBXBuildFile; fileRef = 420BF9CD1A7B7301003E3709 /* rightArrow_pressed.png */; };
		420BF9D21A7B7301003E3709 /* rightArrow.png in Resources */ = {isa = PBXBuildFile; fileRef = 420BF9CE1A7B7301003E3709 /* rightArrow.png */; };
		420BF9D31A7B7301003E3709 /* leftArrow_pressed.png in Resources */ = {isa = PBXBuildFile; fileRef = 420BF9CF1A7B7301003E3709 /* leftArrow_pressed.png */; };
		420BF9D41A7B7301003E3709 /* leftArrow.png in Resources */ = {isa = PBXBuildFile; fileRef = 420BF9D01A7B7301003E3709 /* leftArrow.png */; };
		422BE3921A6CB0AA005413F9 /* gengar.png in Resources */ = {isa = PBXBuildFile; fileRef = 422BE3911A6CB0AA005413F9 /* gengar.png */; };
		422BE3941A6CB0E9005413F9 /* dragon.png in Resources */ = {isa = PBXBuildFile; fileRef = 422BE3931A6CB0E9005413F9 /* dragon.png */; };
		422BE3961A6CB194005413F9 /* flyingDragon.png in Resources */ = {isa = PBXBuildFile; fileRef = 422BE3951A6CB194005413F9 /* flyingDragon.png */; };
		423C13D11A69D27C005308F3 /* venusaur.png in Resources */ = {isa = PBXBuildFile; fileRef = 423C13D01A69D27C005308F3 /* venusaur.png */; };
		423C13D41A6B568C005308F3 /* GamePauseScene.cpp in Sources */ = {isa = PBXBuildFile; fileRef = 423C13D21A6B568C005308F3 /* GamePauseScene.cpp */; };
		423C13D71A6B6B32005308F3 /* GameLevelScene.cpp in Sources */ = {isa = PBXBuildFile; fileRef = 423C13D51A6B6B32005308F3 /* GameLevelScene.cpp */; };
		423C13DA1A6CB080005308F3 /* turtle.png in Resources */ = {isa = PBXBuildFile; fileRef = 423C13D81A6CB080005308F3 /* turtle.png */; };
		423C13DB1A6CB080005308F3 /* pikachu.png in Resources */ = {isa = PBXBuildFile; fileRef = 423C13D91A6CB080005308F3 /* pikachu.png */; };
		423E77461A243606000FAEA4 /* 6-mega-x.png in Resources */ = {isa = PBXBuildFile; fileRef = 423E77451A243606000FAEA4 /* 6-mega-x.png */; };
		423E77491A2447EC000FAEA4 /* GameMenuScene.cpp in Sources */ = {isa = PBXBuildFile; fileRef = 423E77471A2447EC000FAEA4 /* GameMenuScene.cpp */; };
		423E774F1A25702A000FAEA4 /* player_ship.png in Resources */ = {isa = PBXBuildFile; fileRef = 423E774E1A25702A000FAEA4 /* player_ship.png */; };
		423E77511A257146000FAEA4 /* space_back.png in Resources */ = {isa = PBXBuildFile; fileRef = 423E77501A257146000FAEA4 /* space_back.png */; };
		423E77541A25A979000FAEA4 /* EnemyBase.cpp in Sources */ = {isa = PBXBuildFile; fileRef = 423E77521A25A979000FAEA4 /* EnemyBase.cpp */; };
		423E77571A25BD95000FAEA4 /* Monster.cpp in Sources */ = {isa = PBXBuildFile; fileRef = 423E77551A25BD94000FAEA4 /* Monster.cpp */; };
		4249BB941A76154400E44F0A /* tiny_ship.png in Resources */ = {isa = PBXBuildFile; fileRef = 4249BB931A76154400E44F0A /* tiny_ship.png */; };
		4249BB971A77385500E44F0A /* double_boxy.png in Resources */ = {isa = PBXBuildFile; fileRef = 4249BB951A77385400E44F0A /* double_boxy.png */; };
		4249BB981A77385500E44F0A /* double_boxy.fnt in Resources */ = {isa = PBXBuildFile; fileRef = 4249BB961A77385400E44F0A /* double_boxy.fnt */; };
		427EA4901A1E8690000B0EDC /* explosion_large.caf in Resources */ = {isa = PBXBuildFile; fileRef = 427EA4891A1E8690000B0EDC /* explosion_large.caf */; };
		427EA4911A1E8690000B0EDC /* explosion_small.caf in Resources */ = {isa = PBXBuildFile; fileRef = 427EA48A1A1E8690000B0EDC /* explosion_small.caf */; };
		427EA4921A1E8690000B0EDC /* laser_enemy.caf in Resources */ = {isa = PBXBuildFile; fileRef = 427EA48B1A1E8690000B0EDC /* laser_enemy.caf */; };
		427EA4931A1E8690000B0EDC /* laser_ship.caf in Resources */ = {isa = PBXBuildFile; fileRef = 427EA48C1A1E8690000B0EDC /* laser_ship.caf */; };
		427EA4941A1E8690000B0EDC /* powerup.caf in Resources */ = {isa = PBXBuildFile; fileRef = 427EA48D1A1E8690000B0EDC /* powerup.caf */; };
		427EA4951A1E8690000B0EDC /* shake.caf in Resources */ = {isa = PBXBuildFile; fileRef = 427EA48E1A1E8690000B0EDC /* shake.caf */; };
		427EA4961A1E8690000B0EDC /* SpaceGame.caf in Resources */ = {isa = PBXBuildFile; fileRef = 427EA48F1A1E8690000B0EDC /* SpaceGame.caf */; };
		427EA4991A1E9E94000B0EDC /* GameOverScene.cpp in Sources */ = {isa = PBXBuildFile; fileRef = 427EA4971A1E9E94000B0EDC /* GameOverScene.cpp */; };
		4280FE401A77451000DE67BC /* start_button.png in Resources */ = {isa = PBXBuildFile; fileRef = 4280FE3F1A77451000DE67BC /* start_button.png */; };
		4280FE421A77485000DE67BC /* start_button_new.png in Resources */ = {isa = PBXBuildFile; fileRef = 4280FE411A77485000DE67BC /* start_button_new.png */; };
		4280FE451A774AC200DE67BC /* start.png in Resources */ = {isa = PBXBuildFile; fileRef = 4280FE431A774AC200DE67BC /* start.png */; };
		4280FE461A774AC200DE67BC /* start_pressed.png in Resources */ = {isa = PBXBuildFile; fileRef = 4280FE441A774AC200DE67BC /* start_pressed.png */; };
		4280FE4D1A774E8300DE67BC /* credit_pressed.png in Resources */ = {isa = PBXBuildFile; fileRef = 4280FE4B1A774E8300DE67BC /* credit_pressed.png */; };
		4280FE4E1A774E8300DE67BC /* credit.png in Resources */ = {isa = PBXBuildFile; fileRef = 4280FE4C1A774E8300DE67BC /* credit.png */; };
		42AE2BA81A1C1725007CB98C /* GraphicsScene.cpp in Sources */ = {isa = PBXBuildFile; fileRef = 42AE2BA61A1C1725007CB98C /* GraphicsScene.cpp */; };
		42AE2BAA1A1C18AD007CB98C /* decepticon.png in Resources */ = {isa = PBXBuildFile; fileRef = 42AE2BA91A1C18AD007CB98C /* decepticon.png */; };
		42B1192A1A7CB3ED00FCBA09 /* Item.cpp in Sources */ = {isa = PBXBuildFile; fileRef = 42B119281A7CB3ED00FCBA09 /* Item.cpp */; };
		42B1192C1A7CB64F00FCBA09 /* healthPacks.png in Resources */ = {isa = PBXBuildFile; fileRef = 42B1192B1A7CB64F00FCBA09 /* healthPacks.png */; };
		42BEAEBB1A1C6C560074EDFF /* ninja.png in Resources */ = {isa = PBXBuildFile; fileRef = 42BEAEB81A1C6C560074EDFF /* ninja.png */; };
		42BEAEBC1A1C6C560074EDFF /* Player.png in Resources */ = {isa = PBXBuildFile; fileRef = 42BEAEB91A1C6C560074EDFF /* Player.png */; };
		42BEAEBD1A1C6C560074EDFF /* Projectile.png in Resources */ = {isa = PBXBuildFile; fileRef = 42BEAEBA1A1C6C560074EDFF /* Projectile.png */; };
		42C69E891A73721600D17117 /* menu_background.png in Resources */ = {isa = PBXBuildFile; fileRef = 42C69E871A73721600D17117 /* menu_background.png */; };
		42C69E961A746B6D00D17117 /* boxy_bold_font_4.png in Resources */ = {isa = PBXBuildFile; fileRef = 42C69E951A746B6D00D17117 /* boxy_bold_font_4.png */; };
		42DB18E31A78CDD40041D1C6 /* space_monster_colored.png in Resources */ = {isa = PBXBuildFile; fileRef = 42DB18E21A78CDD40041D1C6 /* space_monster_colored.png */; };
		42DB18E51A78D0620041D1C6 /* space_monster_white.png in Resources */ = {isa = PBXBuildFile; fileRef = 42DB18E41A78D0620041D1C6 /* space_monster_white.png */; };
		42DB18E71A79768C0041D1C6 /* space_monster_white2.png in Resources */ = {isa = PBXBuildFile; fileRef = 42DB18E61A79768C0041D1C6 /* space_monster_white2.png */; };
		42DB18EA1A797A250041D1C6 /* spaceMonster1.plist in Resources */ = {isa = PBXBuildFile; fileRef = 42DB18E81A797A250041D1C6 /* spaceMonster1.plist */; };
		42DB18EB1A797A250041D1C6 /* spaceMonster1.png in Resources */ = {isa = PBXBuildFile; fileRef = 42DB18E91A797A250041D1C6 /* spaceMonster1.png */; };
		42DB18EE1A79875F0041D1C6 /* 8bit_explosion.plist in Resources */ = {isa = PBXBuildFile; fileRef = 42DB18EC1A79875F0041D1C6 /* 8bit_explosion.plist */; };
		42DB18EF1A79875F0041D1C6 /* 8bit_explosion.png in Resources */ = {isa = PBXBuildFile; fileRef = 42DB18ED1A79875F0041D1C6 /* 8bit_explosion.png */; };
		42DB18F31A79C9020041D1C6 /* spaceMonster2_1.png in Resources */ = {isa = PBXBuildFile; fileRef = 42DB18F21A79C9020041D1C6 /* spaceMonster2_1.png */; };
		46880B7B19C43A67006E1F66 /* CloseNormal.png in Resources */ = {isa = PBXBuildFile; fileRef = 46880B7619C43A67006E1F66 /* CloseNormal.png */; };
		46880B7C19C43A67006E1F66 /* CloseNormal.png in Resources */ = {isa = PBXBuildFile; fileRef = 46880B7619C43A67006E1F66 /* CloseNormal.png */; };
		46880B7D19C43A67006E1F66 /* CloseSelected.png in Resources */ = {isa = PBXBuildFile; fileRef = 46880B7719C43A67006E1F66 /* CloseSelected.png */; };
		46880B7E19C43A67006E1F66 /* CloseSelected.png in Resources */ = {isa = PBXBuildFile; fileRef = 46880B7719C43A67006E1F66 /* CloseSelected.png */; };
		46880B8119C43A67006E1F66 /* HelloWorld.png in Resources */ = {isa = PBXBuildFile; fileRef = 46880B7A19C43A67006E1F66 /* HelloWorld.png */; };
		46880B8219C43A67006E1F66 /* HelloWorld.png in Resources */ = {isa = PBXBuildFile; fileRef = 46880B7A19C43A67006E1F66 /* HelloWorld.png */; };
		46880B8819C43A87006E1F66 /* AppDelegate.cpp in Sources */ = {isa = PBXBuildFile; fileRef = 46880B8419C43A87006E1F66 /* AppDelegate.cpp */; };
		46880B8919C43A87006E1F66 /* AppDelegate.cpp in Sources */ = {isa = PBXBuildFile; fileRef = 46880B8419C43A87006E1F66 /* AppDelegate.cpp */; };
		46880B8A19C43A87006E1F66 /* HelloWorldScene.cpp in Sources */ = {isa = PBXBuildFile; fileRef = 46880B8619C43A87006E1F66 /* HelloWorldScene.cpp */; };
		46880B8B19C43A87006E1F66 /* HelloWorldScene.cpp in Sources */ = {isa = PBXBuildFile; fileRef = 46880B8619C43A87006E1F66 /* HelloWorldScene.cpp */; };
		503AE0F817EB97AB00D1A890 /* Icon.icns in Resources */ = {isa = PBXBuildFile; fileRef = 503AE0F617EB97AB00D1A890 /* Icon.icns */; };
		503AE10017EB989F00D1A890 /* AppController.mm in Sources */ = {isa = PBXBuildFile; fileRef = 503AE0FB17EB989F00D1A890 /* AppController.mm */; };
		503AE10117EB989F00D1A890 /* main.m in Sources */ = {isa = PBXBuildFile; fileRef = 503AE0FC17EB989F00D1A890 /* main.m */; };
		503AE10217EB989F00D1A890 /* RootViewController.mm in Sources */ = {isa = PBXBuildFile; fileRef = 503AE0FF17EB989F00D1A890 /* RootViewController.mm */; };
		503AE10517EB98FF00D1A890 /* main.cpp in Sources */ = {isa = PBXBuildFile; fileRef = 503AE10317EB98FF00D1A890 /* main.cpp */; };
		503AE11217EB99EE00D1A890 /* libcurl.dylib in Frameworks */ = {isa = PBXBuildFile; fileRef = 503AE11117EB99EE00D1A890 /* libcurl.dylib */; };
		503AE11B17EB9C5A00D1A890 /* IOKit.framework in Frameworks */ = {isa = PBXBuildFile; fileRef = 503AE11A17EB9C5A00D1A890 /* IOKit.framework */; };
		5087E76317EB910900C73F5D /* Foundation.framework in Frameworks */ = {isa = PBXBuildFile; fileRef = 1D30AB110D05D00D00671497 /* Foundation.framework */; };
		5087E76717EB910900C73F5D /* libz.dylib in Frameworks */ = {isa = PBXBuildFile; fileRef = BF170DB412928DE900B8313A /* libz.dylib */; };
		5087E76817EB910900C73F5D /* QuartzCore.framework in Frameworks */ = {isa = PBXBuildFile; fileRef = BF1C47EA1293683800B63C5D /* QuartzCore.framework */; };
		5087E76917EB910900C73F5D /* OpenAL.framework in Frameworks */ = {isa = PBXBuildFile; fileRef = D44C620B132DFF330009C878 /* OpenAL.framework */; };
		5087E76A17EB910900C73F5D /* AVFoundation.framework in Frameworks */ = {isa = PBXBuildFile; fileRef = D44C620D132DFF430009C878 /* AVFoundation.framework */; };
		5087E76B17EB910900C73F5D /* AudioToolbox.framework in Frameworks */ = {isa = PBXBuildFile; fileRef = D44C620F132DFF4E0009C878 /* AudioToolbox.framework */; };
		5087E77D17EB970100C73F5D /* Default-568h@2x.png in Resources */ = {isa = PBXBuildFile; fileRef = 5087E77217EB970100C73F5D /* Default-568h@2x.png */; };
		5087E77E17EB970100C73F5D /* Default.png in Resources */ = {isa = PBXBuildFile; fileRef = 5087E77317EB970100C73F5D /* Default.png */; };
		5087E77F17EB970100C73F5D /* Default@2x.png in Resources */ = {isa = PBXBuildFile; fileRef = 5087E77417EB970100C73F5D /* Default@2x.png */; };
		5087E78017EB970100C73F5D /* Icon-114.png in Resources */ = {isa = PBXBuildFile; fileRef = 5087E77517EB970100C73F5D /* Icon-114.png */; };
		5087E78117EB970100C73F5D /* Icon-120.png in Resources */ = {isa = PBXBuildFile; fileRef = 5087E77617EB970100C73F5D /* Icon-120.png */; };
		5087E78217EB970100C73F5D /* Icon-144.png in Resources */ = {isa = PBXBuildFile; fileRef = 5087E77717EB970100C73F5D /* Icon-144.png */; };
		5087E78317EB970100C73F5D /* Icon-152.png in Resources */ = {isa = PBXBuildFile; fileRef = 5087E77817EB970100C73F5D /* Icon-152.png */; };
		5087E78417EB970100C73F5D /* Icon-57.png in Resources */ = {isa = PBXBuildFile; fileRef = 5087E77917EB970100C73F5D /* Icon-57.png */; };
		5087E78517EB970100C73F5D /* Icon-72.png in Resources */ = {isa = PBXBuildFile; fileRef = 5087E77A17EB970100C73F5D /* Icon-72.png */; };
		5087E78617EB970100C73F5D /* Icon-76.png in Resources */ = {isa = PBXBuildFile; fileRef = 5087E77B17EB970100C73F5D /* Icon-76.png */; };
		5087E78917EB974C00C73F5D /* AppKit.framework in Frameworks */ = {isa = PBXBuildFile; fileRef = 5087E78817EB974C00C73F5D /* AppKit.framework */; };
		5087E78B17EB975400C73F5D /* OpenGL.framework in Frameworks */ = {isa = PBXBuildFile; fileRef = 5087E78A17EB975400C73F5D /* OpenGL.framework */; };
		50EF629617ECD46A001EB2F8 /* Icon-40.png in Resources */ = {isa = PBXBuildFile; fileRef = 50EF629217ECD46A001EB2F8 /* Icon-40.png */; };
		50EF629717ECD46A001EB2F8 /* Icon-58.png in Resources */ = {isa = PBXBuildFile; fileRef = 50EF629317ECD46A001EB2F8 /* Icon-58.png */; };
		50EF629817ECD46A001EB2F8 /* Icon-80.png in Resources */ = {isa = PBXBuildFile; fileRef = 50EF629417ECD46A001EB2F8 /* Icon-80.png */; };
		50EF629917ECD46A001EB2F8 /* Icon-100.png in Resources */ = {isa = PBXBuildFile; fileRef = 50EF629517ECD46A001EB2F8 /* Icon-100.png */; };
		50EF62A217ECD613001EB2F8 /* Icon-29.png in Resources */ = {isa = PBXBuildFile; fileRef = 50EF62A017ECD613001EB2F8 /* Icon-29.png */; };
		50EF62A317ECD613001EB2F8 /* Icon-50.png in Resources */ = {isa = PBXBuildFile; fileRef = 50EF62A117ECD613001EB2F8 /* Icon-50.png */; };
		521A8E6419F0C34300D177D7 /* Default-667h@2x.png in Resources */ = {isa = PBXBuildFile; fileRef = 521A8E6219F0C34300D177D7 /* Default-667h@2x.png */; };
		521A8E6519F0C34300D177D7 /* Default-736h@3x.png in Resources */ = {isa = PBXBuildFile; fileRef = 521A8E6319F0C34300D177D7 /* Default-736h@3x.png */; };
		521A8EA919F11F5000D177D7 /* fonts in Resources */ = {isa = PBXBuildFile; fileRef = 521A8EA819F11F5000D177D7 /* fonts */; };
		521A8EAA19F11F5000D177D7 /* fonts in Resources */ = {isa = PBXBuildFile; fileRef = 521A8EA819F11F5000D177D7 /* fonts */; };
		BF171245129291EC00B8313A /* OpenGLES.framework in Frameworks */ = {isa = PBXBuildFile; fileRef = BF170DB012928DE900B8313A /* OpenGLES.framework */; };
		BF1712471292920000B8313A /* libz.dylib in Frameworks */ = {isa = PBXBuildFile; fileRef = BF170DB412928DE900B8313A /* libz.dylib */; };
		BF1C47F01293687400B63C5D /* QuartzCore.framework in Frameworks */ = {isa = PBXBuildFile; fileRef = BF1C47EA1293683800B63C5D /* QuartzCore.framework */; };
		D44C620C132DFF330009C878 /* OpenAL.framework in Frameworks */ = {isa = PBXBuildFile; fileRef = D44C620B132DFF330009C878 /* OpenAL.framework */; };
		D44C620E132DFF430009C878 /* AVFoundation.framework in Frameworks */ = {isa = PBXBuildFile; fileRef = D44C620D132DFF430009C878 /* AVFoundation.framework */; };
		D44C6210132DFF4E0009C878 /* AudioToolbox.framework in Frameworks */ = {isa = PBXBuildFile; fileRef = D44C620F132DFF4E0009C878 /* AudioToolbox.framework */; };
		D6B0611B1803AB670077942B /* CoreMotion.framework in Frameworks */ = {isa = PBXBuildFile; fileRef = D6B0611A1803AB670077942B /* CoreMotion.framework */; };
/* End PBXBuildFile section */

/* Begin PBXContainerItemProxy section */
		1AC6FAF8180E9839004C840B /* PBXContainerItemProxy */ = {
			isa = PBXContainerItemProxy;
			containerPortal = 1AC6FAE5180E9839004C840B /* cocos2d_libs.xcodeproj */;
			proxyType = 2;
			remoteGlobalIDString = 1551A33F158F2AB200E66CFE;
			remoteInfo = "cocos2dx Mac";
		};
		1AC6FB06180E9839004C840B /* PBXContainerItemProxy */ = {
			isa = PBXContainerItemProxy;
			containerPortal = 1AC6FAE5180E9839004C840B /* cocos2d_libs.xcodeproj */;
			proxyType = 2;
			remoteGlobalIDString = A07A4D641783777C0073F6A7;
			remoteInfo = "cocos2dx iOS";
		};
		1AC6FB15180E9959004C840B /* PBXContainerItemProxy */ = {
			isa = PBXContainerItemProxy;
			containerPortal = 1AC6FAE5180E9839004C840B /* cocos2d_libs.xcodeproj */;
			proxyType = 1;
			remoteGlobalIDString = 1551A33E158F2AB200E66CFE;
			remoteInfo = "cocos2dx Mac";
		};
		1AC6FB24180E99E1004C840B /* PBXContainerItemProxy */ = {
			isa = PBXContainerItemProxy;
			containerPortal = 1AC6FAE5180E9839004C840B /* cocos2d_libs.xcodeproj */;
			proxyType = 1;
			remoteGlobalIDString = A07A4C241783777C0073F6A7;
			remoteInfo = "cocos2dx iOS";
		};
/* End PBXContainerItemProxy section */

/* Begin PBXFileReference section */
		1AC6FAE5180E9839004C840B /* cocos2d_libs.xcodeproj */ = {isa = PBXFileReference; lastKnownFileType = "wrapper.pb-project"; name = cocos2d_libs.xcodeproj; path = ../cocos2d/build/cocos2d_libs.xcodeproj; sourceTree = "<group>"; };
		1ACB3243164770DE00914215 /* libcurl.a */ = {isa = PBXFileReference; lastKnownFileType = archive.ar; name = libcurl.a; path = ../../cocos2dx/platform/third_party/ios/libraries/libcurl.a; sourceTree = "<group>"; };
		1D30AB110D05D00D00671497 /* Foundation.framework */ = {isa = PBXFileReference; lastKnownFileType = wrapper.framework; name = Foundation.framework; path = System/Library/Frameworks/Foundation.framework; sourceTree = SDKROOT; };
		1D6058910D05DD3D006BFB54 /* ZombieMatrix iOS.app */ = {isa = PBXFileReference; explicitFileType = wrapper.application; includeInIndex = 0; path = "ZombieMatrix iOS.app"; sourceTree = BUILT_PRODUCTS_DIR; };
		1DF5F4DF0D08C38300B7A737 /* UIKit.framework */ = {isa = PBXFileReference; lastKnownFileType = wrapper.framework; name = UIKit.framework; path = System/Library/Frameworks/UIKit.framework; sourceTree = SDKROOT; };
		288765A40DF7441C002DB57D /* CoreGraphics.framework */ = {isa = PBXFileReference; lastKnownFileType = wrapper.framework; name = CoreGraphics.framework; path = System/Library/Frameworks/CoreGraphics.framework; sourceTree = SDKROOT; };
		3EACC98E19EE6D4300EB3C5E /* res */ = {isa = PBXFileReference; lastKnownFileType = folder; path = res; sourceTree = "<group>"; };
		420BF9B41A79C980003E3709 /* spaceMonster2.plist */ = {isa = PBXFileReference; fileEncoding = 4; lastKnownFileType = text.plist.xml; path = spaceMonster2.plist; sourceTree = "<group>"; };
		420BF9B51A79C980003E3709 /* spaceMonster2.png */ = {isa = PBXFileReference; lastKnownFileType = image.png; path = spaceMonster2.png; sourceTree = "<group>"; };
		420BF9BC1A79E3ED003E3709 /* spaceMonster3.plist */ = {isa = PBXFileReference; fileEncoding = 4; lastKnownFileType = text.plist.xml; path = spaceMonster3.plist; sourceTree = "<group>"; };
		420BF9BD1A79E3ED003E3709 /* spaceMonster3.png */ = {isa = PBXFileReference; lastKnownFileType = image.png; path = spaceMonster3.png; sourceTree = "<group>"; };
		420BF9C01A7A09F2003E3709 /* spaceShip.png */ = {isa = PBXFileReference; lastKnownFileType = image.png; path = spaceShip.png; sourceTree = "<group>"; };
		420BF9C21A7A0CDA003E3709 /* CreditScene.cpp */ = {isa = PBXFileReference; fileEncoding = 4; lastKnownFileType = sourcecode.cpp.cpp; path = CreditScene.cpp; sourceTree = "<group>"; };
		420BF9C31A7A0CDA003E3709 /* CreditScene.h */ = {isa = PBXFileReference; fileEncoding = 4; lastKnownFileType = sourcecode.c.h; path = CreditScene.h; sourceTree = "<group>"; };
		420BF9C51A7A0EAC003E3709 /* return.png */ = {isa = PBXFileReference; lastKnownFileType = image.png; path = return.png; sourceTree = "<group>"; };
		420BF9C71A7A0EB5003E3709 /* return_pressed.png */ = {isa = PBXFileReference; lastKnownFileType = image.png; path = return_pressed.png; sourceTree = "<group>"; };
		420BF9C91A7A15D9003E3709 /* pause_pressed.png */ = {isa = PBXFileReference; lastKnownFileType = image.png; path = pause_pressed.png; sourceTree = "<group>"; };
		420BF9CB1A7A15E3003E3709 /* pause.png */ = {isa = PBXFileReference; lastKnownFileType = image.png; path = pause.png; sourceTree = "<group>"; };
		420BF9CD1A7B7301003E3709 /* rightArrow_pressed.png */ = {isa = PBXFileReference; lastKnownFileType = image.png; path = rightArrow_pressed.png; sourceTree = "<group>"; };
		420BF9CE1A7B7301003E3709 /* rightArrow.png */ = {isa = PBXFileReference; lastKnownFileType = image.png; path = rightArrow.png; sourceTree = "<group>"; };
		420BF9CF1A7B7301003E3709 /* leftArrow_pressed.png */ = {isa = PBXFileReference; lastKnownFileType = image.png; path = leftArrow_pressed.png; sourceTree = "<group>"; };
		420BF9D01A7B7301003E3709 /* leftArrow.png */ = {isa = PBXFileReference; lastKnownFileType = image.png; path = leftArrow.png; sourceTree = "<group>"; };
		422BE3911A6CB0AA005413F9 /* gengar.png */ = {isa = PBXFileReference; lastKnownFileType = image.png; path = gengar.png; sourceTree = "<group>"; };
		422BE3931A6CB0E9005413F9 /* dragon.png */ = {isa = PBXFileReference; lastKnownFileType = image.png; path = dragon.png; sourceTree = "<group>"; };
		422BE3951A6CB194005413F9 /* flyingDragon.png */ = {isa = PBXFileReference; lastKnownFileType = image.png; path = flyingDragon.png; sourceTree = "<group>"; };
		423C13D01A69D27C005308F3 /* venusaur.png */ = {isa = PBXFileReference; lastKnownFileType = image.png; path = venusaur.png; sourceTree = "<group>"; };
		423C13D21A6B568C005308F3 /* GamePauseScene.cpp */ = {isa = PBXFileReference; fileEncoding = 4; lastKnownFileType = sourcecode.cpp.cpp; path = GamePauseScene.cpp; sourceTree = "<group>"; };
		423C13D31A6B568C005308F3 /* GamePauseScene.h */ = {isa = PBXFileReference; fileEncoding = 4; lastKnownFileType = sourcecode.c.h; path = GamePauseScene.h; sourceTree = "<group>"; };
		423C13D51A6B6B32005308F3 /* GameLevelScene.cpp */ = {isa = PBXFileReference; fileEncoding = 4; lastKnownFileType = sourcecode.cpp.cpp; path = GameLevelScene.cpp; sourceTree = "<group>"; };
		423C13D61A6B6B32005308F3 /* GameLevelScene.h */ = {isa = PBXFileReference; fileEncoding = 4; lastKnownFileType = sourcecode.c.h; path = GameLevelScene.h; sourceTree = "<group>"; };
		423C13D81A6CB080005308F3 /* turtle.png */ = {isa = PBXFileReference; lastKnownFileType = image.png; path = turtle.png; sourceTree = "<group>"; };
		423C13D91A6CB080005308F3 /* pikachu.png */ = {isa = PBXFileReference; lastKnownFileType = image.png; path = pikachu.png; sourceTree = "<group>"; };
		423E77451A243606000FAEA4 /* 6-mega-x.png */ = {isa = PBXFileReference; lastKnownFileType = image.png; path = "6-mega-x.png"; sourceTree = "<group>"; };
		423E77471A2447EC000FAEA4 /* GameMenuScene.cpp */ = {isa = PBXFileReference; fileEncoding = 4; lastKnownFileType = sourcecode.cpp.cpp; path = GameMenuScene.cpp; sourceTree = "<group>"; };
		423E77481A2447EC000FAEA4 /* GameMenuScene.h */ = {isa = PBXFileReference; fileEncoding = 4; lastKnownFileType = sourcecode.c.h; path = GameMenuScene.h; sourceTree = "<group>"; };
		423E774E1A25702A000FAEA4 /* player_ship.png */ = {isa = PBXFileReference; lastKnownFileType = image.png; path = player_ship.png; sourceTree = "<group>"; };
		423E77501A257146000FAEA4 /* space_back.png */ = {isa = PBXFileReference; lastKnownFileType = image.png; path = space_back.png; sourceTree = "<group>"; };
		423E77521A25A979000FAEA4 /* EnemyBase.cpp */ = {isa = PBXFileReference; fileEncoding = 4; lastKnownFileType = sourcecode.cpp.cpp; path = EnemyBase.cpp; sourceTree = "<group>"; };
		423E77531A25A979000FAEA4 /* EnemyBase.h */ = {isa = PBXFileReference; fileEncoding = 4; lastKnownFileType = sourcecode.c.h; path = EnemyBase.h; sourceTree = "<group>"; };
		423E77551A25BD94000FAEA4 /* Monster.cpp */ = {isa = PBXFileReference; fileEncoding = 4; lastKnownFileType = sourcecode.cpp.cpp; path = Monster.cpp; sourceTree = "<group>"; };
		423E77561A25BD94000FAEA4 /* Monster.h */ = {isa = PBXFileReference; fileEncoding = 4; lastKnownFileType = sourcecode.c.h; path = Monster.h; sourceTree = "<group>"; };
		4249BB931A76154400E44F0A /* tiny_ship.png */ = {isa = PBXFileReference; lastKnownFileType = image.png; path = tiny_ship.png; sourceTree = "<group>"; };
		4249BB951A77385400E44F0A /* double_boxy.png */ = {isa = PBXFileReference; lastKnownFileType = image.png; path = double_boxy.png; sourceTree = "<group>"; };
		4249BB961A77385400E44F0A /* double_boxy.fnt */ = {isa = PBXFileReference; fileEncoding = 4; lastKnownFileType = text; path = double_boxy.fnt; sourceTree = "<group>"; };
		427EA4891A1E8690000B0EDC /* explosion_large.caf */ = {isa = PBXFileReference; lastKnownFileType = file; path = explosion_large.caf; sourceTree = "<group>"; };
		427EA48A1A1E8690000B0EDC /* explosion_small.caf */ = {isa = PBXFileReference; lastKnownFileType = file; path = explosion_small.caf; sourceTree = "<group>"; };
		427EA48B1A1E8690000B0EDC /* laser_enemy.caf */ = {isa = PBXFileReference; lastKnownFileType = file; path = laser_enemy.caf; sourceTree = "<group>"; };
		427EA48C1A1E8690000B0EDC /* laser_ship.caf */ = {isa = PBXFileReference; lastKnownFileType = file; path = laser_ship.caf; sourceTree = "<group>"; };
		427EA48D1A1E8690000B0EDC /* powerup.caf */ = {isa = PBXFileReference; lastKnownFileType = file; path = powerup.caf; sourceTree = "<group>"; };
		427EA48E1A1E8690000B0EDC /* shake.caf */ = {isa = PBXFileReference; lastKnownFileType = file; path = shake.caf; sourceTree = "<group>"; };
		427EA48F1A1E8690000B0EDC /* SpaceGame.caf */ = {isa = PBXFileReference; lastKnownFileType = file; path = SpaceGame.caf; sourceTree = "<group>"; };
		427EA4971A1E9E94000B0EDC /* GameOverScene.cpp */ = {isa = PBXFileReference; fileEncoding = 4; lastKnownFileType = sourcecode.cpp.cpp; path = GameOverScene.cpp; sourceTree = "<group>"; };
		427EA4981A1E9E94000B0EDC /* GameOverScene.h */ = {isa = PBXFileReference; fileEncoding = 4; lastKnownFileType = sourcecode.c.h; path = GameOverScene.h; sourceTree = "<group>"; };
		4280FE3F1A77451000DE67BC /* start_button.png */ = {isa = PBXFileReference; lastKnownFileType = image.png; path = start_button.png; sourceTree = "<group>"; };
		4280FE411A77485000DE67BC /* start_button_new.png */ = {isa = PBXFileReference; lastKnownFileType = image.png; path = start_button_new.png; sourceTree = "<group>"; };
		4280FE431A774AC200DE67BC /* start.png */ = {isa = PBXFileReference; lastKnownFileType = image.png; path = start.png; sourceTree = "<group>"; };
		4280FE441A774AC200DE67BC /* start_pressed.png */ = {isa = PBXFileReference; lastKnownFileType = image.png; path = start_pressed.png; sourceTree = "<group>"; };
		4280FE4B1A774E8300DE67BC /* credit_pressed.png */ = {isa = PBXFileReference; lastKnownFileType = image.png; path = credit_pressed.png; sourceTree = "<group>"; };
		4280FE4C1A774E8300DE67BC /* credit.png */ = {isa = PBXFileReference; lastKnownFileType = image.png; path = credit.png; sourceTree = "<group>"; };
		42AE2BA61A1C1725007CB98C /* GraphicsScene.cpp */ = {isa = PBXFileReference; fileEncoding = 4; lastKnownFileType = sourcecode.cpp.cpp; path = GraphicsScene.cpp; sourceTree = "<group>"; };
		42AE2BA71A1C1725007CB98C /* GraphicsScene.h */ = {isa = PBXFileReference; fileEncoding = 4; lastKnownFileType = sourcecode.c.h; path = GraphicsScene.h; sourceTree = "<group>"; };
		42AE2BA91A1C18AD007CB98C /* decepticon.png */ = {isa = PBXFileReference; lastKnownFileType = image.png; path = decepticon.png; sourceTree = "<group>"; };
		42B119281A7CB3ED00FCBA09 /* Item.cpp */ = {isa = PBXFileReference; fileEncoding = 4; lastKnownFileType = sourcecode.cpp.cpp; path = Item.cpp; sourceTree = "<group>"; };
		42B119291A7CB3ED00FCBA09 /* Item.h */ = {isa = PBXFileReference; fileEncoding = 4; lastKnownFileType = sourcecode.c.h; path = Item.h; sourceTree = "<group>"; };
		42B1192B1A7CB64F00FCBA09 /* healthPacks.png */ = {isa = PBXFileReference; lastKnownFileType = image.png; path = healthPacks.png; sourceTree = "<group>"; };
		42BEAEB81A1C6C560074EDFF /* ninja.png */ = {isa = PBXFileReference; lastKnownFileType = image.png; path = ninja.png; sourceTree = "<group>"; };
		42BEAEB91A1C6C560074EDFF /* Player.png */ = {isa = PBXFileReference; lastKnownFileType = image.png; path = Player.png; sourceTree = "<group>"; };
		42BEAEBA1A1C6C560074EDFF /* Projectile.png */ = {isa = PBXFileReference; lastKnownFileType = image.png; path = Projectile.png; sourceTree = "<group>"; };
		42C69E871A73721600D17117 /* menu_background.png */ = {isa = PBXFileReference; lastKnownFileType = image.png; path = menu_background.png; sourceTree = "<group>"; };
		42C69E951A746B6D00D17117 /* boxy_bold_font_4.png */ = {isa = PBXFileReference; lastKnownFileType = image.png; path = boxy_bold_font_4.png; sourceTree = "<group>"; };
		42DB18E21A78CDD40041D1C6 /* space_monster_colored.png */ = {isa = PBXFileReference; lastKnownFileType = image.png; path = space_monster_colored.png; sourceTree = "<group>"; };
		42DB18E41A78D0620041D1C6 /* space_monster_white.png */ = {isa = PBXFileReference; lastKnownFileType = image.png; path = space_monster_white.png; sourceTree = "<group>"; };
		42DB18E61A79768C0041D1C6 /* space_monster_white2.png */ = {isa = PBXFileReference; lastKnownFileType = image.png; path = space_monster_white2.png; sourceTree = "<group>"; };
		42DB18E81A797A250041D1C6 /* spaceMonster1.plist */ = {isa = PBXFileReference; fileEncoding = 4; lastKnownFileType = text.plist.xml; path = spaceMonster1.plist; sourceTree = "<group>"; };
		42DB18E91A797A250041D1C6 /* spaceMonster1.png */ = {isa = PBXFileReference; lastKnownFileType = image.png; path = spaceMonster1.png; sourceTree = "<group>"; };
		42DB18EC1A79875F0041D1C6 /* 8bit_explosion.plist */ = {isa = PBXFileReference; fileEncoding = 4; lastKnownFileType = text.plist.xml; path = 8bit_explosion.plist; sourceTree = "<group>"; };
		42DB18ED1A79875F0041D1C6 /* 8bit_explosion.png */ = {isa = PBXFileReference; lastKnownFileType = image.png; path = 8bit_explosion.png; sourceTree = "<group>"; };
		42DB18F21A79C9020041D1C6 /* spaceMonster2_1.png */ = {isa = PBXFileReference; lastKnownFileType = image.png; path = spaceMonster2_1.png; sourceTree = "<group>"; };
		46880B7619C43A67006E1F66 /* CloseNormal.png */ = {isa = PBXFileReference; lastKnownFileType = image.png; path = CloseNormal.png; sourceTree = "<group>"; };
		46880B7719C43A67006E1F66 /* CloseSelected.png */ = {isa = PBXFileReference; lastKnownFileType = image.png; path = CloseSelected.png; sourceTree = "<group>"; };
		46880B7A19C43A67006E1F66 /* HelloWorld.png */ = {isa = PBXFileReference; lastKnownFileType = image.png; path = HelloWorld.png; sourceTree = "<group>"; };
		46880B8419C43A87006E1F66 /* AppDelegate.cpp */ = {isa = PBXFileReference; fileEncoding = 4; lastKnownFileType = sourcecode.cpp.cpp; path = AppDelegate.cpp; sourceTree = "<group>"; };
		46880B8519C43A87006E1F66 /* AppDelegate.h */ = {isa = PBXFileReference; fileEncoding = 4; lastKnownFileType = sourcecode.c.h; path = AppDelegate.h; sourceTree = "<group>"; };
		46880B8619C43A87006E1F66 /* HelloWorldScene.cpp */ = {isa = PBXFileReference; fileEncoding = 4; lastKnownFileType = sourcecode.cpp.cpp; path = HelloWorldScene.cpp; sourceTree = "<group>"; };
		46880B8719C43A87006E1F66 /* HelloWorldScene.h */ = {isa = PBXFileReference; fileEncoding = 4; lastKnownFileType = sourcecode.c.h; path = HelloWorldScene.h; sourceTree = "<group>"; };
		503AE0F617EB97AB00D1A890 /* Icon.icns */ = {isa = PBXFileReference; lastKnownFileType = image.icns; path = Icon.icns; sourceTree = "<group>"; };
		503AE0F717EB97AB00D1A890 /* Info.plist */ = {isa = PBXFileReference; fileEncoding = 4; lastKnownFileType = text.plist.xml; path = Info.plist; sourceTree = "<group>"; };
		503AE0FA17EB989F00D1A890 /* AppController.h */ = {isa = PBXFileReference; fileEncoding = 4; lastKnownFileType = sourcecode.c.h; name = AppController.h; path = ios/AppController.h; sourceTree = SOURCE_ROOT; };
		503AE0FB17EB989F00D1A890 /* AppController.mm */ = {isa = PBXFileReference; fileEncoding = 4; lastKnownFileType = sourcecode.cpp.objcpp; name = AppController.mm; path = ios/AppController.mm; sourceTree = SOURCE_ROOT; };
		503AE0FC17EB989F00D1A890 /* main.m */ = {isa = PBXFileReference; fileEncoding = 4; lastKnownFileType = sourcecode.c.objc; name = main.m; path = ios/main.m; sourceTree = SOURCE_ROOT; };
		503AE0FD17EB989F00D1A890 /* Prefix.pch */ = {isa = PBXFileReference; fileEncoding = 4; lastKnownFileType = sourcecode.c.h; name = Prefix.pch; path = ios/Prefix.pch; sourceTree = SOURCE_ROOT; };
		503AE0FE17EB989F00D1A890 /* RootViewController.h */ = {isa = PBXFileReference; fileEncoding = 4; lastKnownFileType = sourcecode.c.h; name = RootViewController.h; path = ios/RootViewController.h; sourceTree = SOURCE_ROOT; };
		503AE0FF17EB989F00D1A890 /* RootViewController.mm */ = {isa = PBXFileReference; fileEncoding = 4; lastKnownFileType = sourcecode.cpp.objcpp; name = RootViewController.mm; path = ios/RootViewController.mm; sourceTree = SOURCE_ROOT; };
		503AE10317EB98FF00D1A890 /* main.cpp */ = {isa = PBXFileReference; fileEncoding = 4; lastKnownFileType = sourcecode.cpp.cpp; name = main.cpp; path = mac/main.cpp; sourceTree = "<group>"; };
		503AE10417EB98FF00D1A890 /* Prefix.pch */ = {isa = PBXFileReference; fileEncoding = 4; lastKnownFileType = sourcecode.c.h; name = Prefix.pch; path = mac/Prefix.pch; sourceTree = "<group>"; };
		503AE11117EB99EE00D1A890 /* libcurl.dylib */ = {isa = PBXFileReference; lastKnownFileType = "compiled.mach-o.dylib"; name = libcurl.dylib; path = usr/lib/libcurl.dylib; sourceTree = SDKROOT; };
		503AE11A17EB9C5A00D1A890 /* IOKit.framework */ = {isa = PBXFileReference; lastKnownFileType = wrapper.framework; name = IOKit.framework; path = System/Library/Frameworks/IOKit.framework; sourceTree = SDKROOT; };
		5087E76F17EB910900C73F5D /* ZombieMatrix Mac.app */ = {isa = PBXFileReference; explicitFileType = wrapper.application; includeInIndex = 0; path = "ZombieMatrix Mac.app"; sourceTree = BUILT_PRODUCTS_DIR; };
		5087E77217EB970100C73F5D /* Default-568h@2x.png */ = {isa = PBXFileReference; lastKnownFileType = image.png; path = "Default-568h@2x.png"; sourceTree = "<group>"; };
		5087E77317EB970100C73F5D /* Default.png */ = {isa = PBXFileReference; lastKnownFileType = image.png; path = Default.png; sourceTree = "<group>"; };
		5087E77417EB970100C73F5D /* Default@2x.png */ = {isa = PBXFileReference; lastKnownFileType = image.png; path = "Default@2x.png"; sourceTree = "<group>"; };
		5087E77517EB970100C73F5D /* Icon-114.png */ = {isa = PBXFileReference; lastKnownFileType = image.png; path = "Icon-114.png"; sourceTree = "<group>"; };
		5087E77617EB970100C73F5D /* Icon-120.png */ = {isa = PBXFileReference; lastKnownFileType = image.png; path = "Icon-120.png"; sourceTree = "<group>"; };
		5087E77717EB970100C73F5D /* Icon-144.png */ = {isa = PBXFileReference; lastKnownFileType = image.png; path = "Icon-144.png"; sourceTree = "<group>"; };
		5087E77817EB970100C73F5D /* Icon-152.png */ = {isa = PBXFileReference; lastKnownFileType = image.png; path = "Icon-152.png"; sourceTree = "<group>"; };
		5087E77917EB970100C73F5D /* Icon-57.png */ = {isa = PBXFileReference; lastKnownFileType = image.png; path = "Icon-57.png"; sourceTree = "<group>"; };
		5087E77A17EB970100C73F5D /* Icon-72.png */ = {isa = PBXFileReference; lastKnownFileType = image.png; path = "Icon-72.png"; sourceTree = "<group>"; };
		5087E77B17EB970100C73F5D /* Icon-76.png */ = {isa = PBXFileReference; lastKnownFileType = image.png; path = "Icon-76.png"; sourceTree = "<group>"; };
		5087E77C17EB970100C73F5D /* Info.plist */ = {isa = PBXFileReference; fileEncoding = 4; lastKnownFileType = text.plist.xml; path = Info.plist; sourceTree = "<group>"; };
		5087E78817EB974C00C73F5D /* AppKit.framework */ = {isa = PBXFileReference; lastKnownFileType = wrapper.framework; name = AppKit.framework; path = System/Library/Frameworks/AppKit.framework; sourceTree = SDKROOT; };
		5087E78A17EB975400C73F5D /* OpenGL.framework */ = {isa = PBXFileReference; lastKnownFileType = wrapper.framework; name = OpenGL.framework; path = System/Library/Frameworks/OpenGL.framework; sourceTree = SDKROOT; };
		50EF629217ECD46A001EB2F8 /* Icon-40.png */ = {isa = PBXFileReference; lastKnownFileType = image.png; path = "Icon-40.png"; sourceTree = "<group>"; };
		50EF629317ECD46A001EB2F8 /* Icon-58.png */ = {isa = PBXFileReference; lastKnownFileType = image.png; path = "Icon-58.png"; sourceTree = "<group>"; };
		50EF629417ECD46A001EB2F8 /* Icon-80.png */ = {isa = PBXFileReference; lastKnownFileType = image.png; path = "Icon-80.png"; sourceTree = "<group>"; };
		50EF629517ECD46A001EB2F8 /* Icon-100.png */ = {isa = PBXFileReference; lastKnownFileType = image.png; path = "Icon-100.png"; sourceTree = "<group>"; };
		50EF62A017ECD613001EB2F8 /* Icon-29.png */ = {isa = PBXFileReference; lastKnownFileType = image.png; path = "Icon-29.png"; sourceTree = "<group>"; };
		50EF62A117ECD613001EB2F8 /* Icon-50.png */ = {isa = PBXFileReference; lastKnownFileType = image.png; path = "Icon-50.png"; sourceTree = "<group>"; };
		521A8E6219F0C34300D177D7 /* Default-667h@2x.png */ = {isa = PBXFileReference; lastKnownFileType = image.png; path = "Default-667h@2x.png"; sourceTree = "<group>"; };
		521A8E6319F0C34300D177D7 /* Default-736h@3x.png */ = {isa = PBXFileReference; lastKnownFileType = image.png; path = "Default-736h@3x.png"; sourceTree = "<group>"; };
		521A8EA819F11F5000D177D7 /* fonts */ = {isa = PBXFileReference; lastKnownFileType = folder; path = fonts; sourceTree = "<group>"; };
		BF170DB012928DE900B8313A /* OpenGLES.framework */ = {isa = PBXFileReference; lastKnownFileType = wrapper.framework; name = OpenGLES.framework; path = System/Library/Frameworks/OpenGLES.framework; sourceTree = SDKROOT; };
		BF170DB412928DE900B8313A /* libz.dylib */ = {isa = PBXFileReference; lastKnownFileType = "compiled.mach-o.dylib"; name = libz.dylib; path = usr/lib/libz.dylib; sourceTree = SDKROOT; };
		BF1C47EA1293683800B63C5D /* QuartzCore.framework */ = {isa = PBXFileReference; lastKnownFileType = wrapper.framework; name = QuartzCore.framework; path = System/Library/Frameworks/QuartzCore.framework; sourceTree = SDKROOT; };
		D44C620B132DFF330009C878 /* OpenAL.framework */ = {isa = PBXFileReference; lastKnownFileType = wrapper.framework; name = OpenAL.framework; path = System/Library/Frameworks/OpenAL.framework; sourceTree = SDKROOT; };
		D44C620D132DFF430009C878 /* AVFoundation.framework */ = {isa = PBXFileReference; lastKnownFileType = wrapper.framework; name = AVFoundation.framework; path = System/Library/Frameworks/AVFoundation.framework; sourceTree = SDKROOT; };
		D44C620F132DFF4E0009C878 /* AudioToolbox.framework */ = {isa = PBXFileReference; lastKnownFileType = wrapper.framework; name = AudioToolbox.framework; path = System/Library/Frameworks/AudioToolbox.framework; sourceTree = SDKROOT; };
		D6B0611A1803AB670077942B /* CoreMotion.framework */ = {isa = PBXFileReference; lastKnownFileType = wrapper.framework; name = CoreMotion.framework; path = Platforms/iPhoneOS.platform/Developer/SDKs/iPhoneOS7.0.sdk/System/Library/Frameworks/CoreMotion.framework; sourceTree = DEVELOPER_DIR; };
/* End PBXFileReference section */

/* Begin PBXFrameworksBuildPhase section */
		1D60588F0D05DD3D006BFB54 /* Frameworks */ = {
			isa = PBXFrameworksBuildPhase;
			buildActionMask = 2147483647;
			files = (
				1AC6FB30180E99EB004C840B /* libcocos2d iOS.a in Frameworks */,
				D6B0611B1803AB670077942B /* CoreMotion.framework in Frameworks */,
				1D60589F0D05DD5A006BFB54 /* Foundation.framework in Frameworks */,
				1DF5F4E00D08C38300B7A737 /* UIKit.framework in Frameworks */,
				288765A50DF7441C002DB57D /* CoreGraphics.framework in Frameworks */,
				BF171245129291EC00B8313A /* OpenGLES.framework in Frameworks */,
				BF1712471292920000B8313A /* libz.dylib in Frameworks */,
				BF1C47F01293687400B63C5D /* QuartzCore.framework in Frameworks */,
				D44C620C132DFF330009C878 /* OpenAL.framework in Frameworks */,
				D44C620E132DFF430009C878 /* AVFoundation.framework in Frameworks */,
				D44C6210132DFF4E0009C878 /* AudioToolbox.framework in Frameworks */,
			);
			runOnlyForDeploymentPostprocessing = 0;
		};
		5087E75C17EB910900C73F5D /* Frameworks */ = {
			isa = PBXFrameworksBuildPhase;
			buildActionMask = 2147483647;
			files = (
				1AC6FB21180E996B004C840B /* libcocos2d Mac.a in Frameworks */,
				503AE11217EB99EE00D1A890 /* libcurl.dylib in Frameworks */,
				5087E76717EB910900C73F5D /* libz.dylib in Frameworks */,
				503AE11B17EB9C5A00D1A890 /* IOKit.framework in Frameworks */,
				5087E78B17EB975400C73F5D /* OpenGL.framework in Frameworks */,
				5087E78917EB974C00C73F5D /* AppKit.framework in Frameworks */,
				5087E76317EB910900C73F5D /* Foundation.framework in Frameworks */,
				5087E76817EB910900C73F5D /* QuartzCore.framework in Frameworks */,
				5087E76917EB910900C73F5D /* OpenAL.framework in Frameworks */,
				5087E76A17EB910900C73F5D /* AVFoundation.framework in Frameworks */,
				5087E76B17EB910900C73F5D /* AudioToolbox.framework in Frameworks */,
			);
			runOnlyForDeploymentPostprocessing = 0;
		};
/* End PBXFrameworksBuildPhase section */

/* Begin PBXGroup section */
		080E96DDFE201D6D7F000001 /* ios */ = {
			isa = PBXGroup;
			children = (
				5087E77117EB970100C73F5D /* Icons */,
				503AE0FA17EB989F00D1A890 /* AppController.h */,
				503AE0FB17EB989F00D1A890 /* AppController.mm */,
				503AE0FC17EB989F00D1A890 /* main.m */,
				503AE0FD17EB989F00D1A890 /* Prefix.pch */,
				503AE0FE17EB989F00D1A890 /* RootViewController.h */,
				503AE0FF17EB989F00D1A890 /* RootViewController.mm */,
			);
			name = ios;
			path = Classes;
			sourceTree = "<group>";
		};
		19C28FACFE9D520D11CA2CBB /* Products */ = {
			isa = PBXGroup;
			children = (
				1D6058910D05DD3D006BFB54 /* ZombieMatrix iOS.app */,
				5087E76F17EB910900C73F5D /* ZombieMatrix Mac.app */,
			);
			name = Products;
			sourceTree = "<group>";
		};
		1AC6FAE6180E9839004C840B /* Products */ = {
			isa = PBXGroup;
			children = (
				1AC6FAF9180E9839004C840B /* libcocos2d Mac.a */,
				1AC6FB07180E9839004C840B /* libcocos2d iOS.a */,
			);
			name = Products;
			sourceTree = "<group>";
		};
		29B97314FDCFA39411CA2CEA /* CustomTemplate */ = {
			isa = PBXGroup;
			children = (
				46880B8319C43A87006E1F66 /* Classes */,
				46880B7519C43A67006E1F66 /* Resources */,
				1AC6FAE5180E9839004C840B /* cocos2d_libs.xcodeproj */,
				29B97323FDCFA39411CA2CEA /* Frameworks */,
				080E96DDFE201D6D7F000001 /* ios */,
				503AE10617EB990700D1A890 /* mac */,
				19C28FACFE9D520D11CA2CBB /* Products */,
			);
			name = CustomTemplate;
			sourceTree = "<group>";
		};
		29B97323FDCFA39411CA2CEA /* Frameworks */ = {
			isa = PBXGroup;
			children = (
				D6B0611A1803AB670077942B /* CoreMotion.framework */,
				503AE11A17EB9C5A00D1A890 /* IOKit.framework */,
				503AE11117EB99EE00D1A890 /* libcurl.dylib */,
				5087E78A17EB975400C73F5D /* OpenGL.framework */,
				5087E78817EB974C00C73F5D /* AppKit.framework */,
				1ACB3243164770DE00914215 /* libcurl.a */,
				BF170DB412928DE900B8313A /* libz.dylib */,
				D44C620F132DFF4E0009C878 /* AudioToolbox.framework */,
				D44C620D132DFF430009C878 /* AVFoundation.framework */,
				288765A40DF7441C002DB57D /* CoreGraphics.framework */,
				1D30AB110D05D00D00671497 /* Foundation.framework */,
				D44C620B132DFF330009C878 /* OpenAL.framework */,
				BF170DB012928DE900B8313A /* OpenGLES.framework */,
				BF1C47EA1293683800B63C5D /* QuartzCore.framework */,
				1DF5F4DF0D08C38300B7A737 /* UIKit.framework */,
			);
			name = Frameworks;
			sourceTree = "<group>";
		};
		427EA4881A1E8690000B0EDC /* Sounds */ = {
			isa = PBXGroup;
			children = (
				427EA4891A1E8690000B0EDC /* explosion_large.caf */,
				427EA48A1A1E8690000B0EDC /* explosion_small.caf */,
				427EA48B1A1E8690000B0EDC /* laser_enemy.caf */,
				427EA48C1A1E8690000B0EDC /* laser_ship.caf */,
				427EA48D1A1E8690000B0EDC /* powerup.caf */,
				427EA48E1A1E8690000B0EDC /* shake.caf */,
				427EA48F1A1E8690000B0EDC /* SpaceGame.caf */,
			);
			path = Sounds;
			sourceTree = "<group>";
		};
		46880B7519C43A67006E1F66 /* Resources */ = {
			isa = PBXGroup;
			children = (
				420BF9CD1A7B7301003E3709 /* rightArrow_pressed.png */,
				42B1192B1A7CB64F00FCBA09 /* healthPacks.png */,
				420BF9CE1A7B7301003E3709 /* rightArrow.png */,
				420BF9CF1A7B7301003E3709 /* leftArrow_pressed.png */,
				420BF9D01A7B7301003E3709 /* leftArrow.png */,
				420BF9C71A7A0EB5003E3709 /* return_pressed.png */,
				420BF9C91A7A15D9003E3709 /* pause_pressed.png */,
				420BF9CB1A7A15E3003E3709 /* pause.png */,
				42DB18F21A79C9020041D1C6 /* spaceMonster2_1.png */,
				420BF9C51A7A0EAC003E3709 /* return.png */,
				420BF9BC1A79E3ED003E3709 /* spaceMonster3.plist */,
				420BF9C01A7A09F2003E3709 /* spaceShip.png */,
				420BF9BD1A79E3ED003E3709 /* spaceMonster3.png */,
				42DB18E81A797A250041D1C6 /* spaceMonster1.plist */,
				42DB18E91A797A250041D1C6 /* spaceMonster1.png */,
				420BF9B41A79C980003E3709 /* spaceMonster2.plist */,
				420BF9B51A79C980003E3709 /* spaceMonster2.png */,
				42DB18E41A78D0620041D1C6 /* space_monster_white.png */,
				42DB18EC1A79875F0041D1C6 /* 8bit_explosion.plist */,
				42DB18ED1A79875F0041D1C6 /* 8bit_explosion.png */,
				42DB18E61A79768C0041D1C6 /* space_monster_white2.png */,
				4280FE431A774AC200DE67BC /* start.png */,
				4280FE4B1A774E8300DE67BC /* credit_pressed.png */,
				42DB18E21A78CDD40041D1C6 /* space_monster_colored.png */,
				4280FE4C1A774E8300DE67BC /* credit.png */,
				4280FE441A774AC200DE67BC /* start_pressed.png */,
				4280FE411A77485000DE67BC /* start_button_new.png */,
				4280FE3F1A77451000DE67BC /* start_button.png */,
				4249BB951A77385400E44F0A /* double_boxy.png */,
				4249BB961A77385400E44F0A /* double_boxy.fnt */,
				4249BB931A76154400E44F0A /* tiny_ship.png */,
				42C69E951A746B6D00D17117 /* boxy_bold_font_4.png */,
				42C69E871A73721600D17117 /* menu_background.png */,
				422BE3951A6CB194005413F9 /* flyingDragon.png */,
				422BE3931A6CB0E9005413F9 /* dragon.png */,
				422BE3911A6CB0AA005413F9 /* gengar.png */,
				423C13D81A6CB080005308F3 /* turtle.png */,
				423C13D91A6CB080005308F3 /* pikachu.png */,
				423E77501A257146000FAEA4 /* space_back.png */,
				423E774E1A25702A000FAEA4 /* player_ship.png */,
				423C13D01A69D27C005308F3 /* venusaur.png */,
				423E77451A243606000FAEA4 /* 6-mega-x.png */,
				427EA4881A1E8690000B0EDC /* Sounds */,
				42BEAEB81A1C6C560074EDFF /* ninja.png */,
				42BEAEB91A1C6C560074EDFF /* Player.png */,
				42BEAEBA1A1C6C560074EDFF /* Projectile.png */,
				42AE2BA91A1C18AD007CB98C /* decepticon.png */,
				521A8EA819F11F5000D177D7 /* fonts */,
				3EACC98E19EE6D4300EB3C5E /* res */,
				46880B7619C43A67006E1F66 /* CloseNormal.png */,
				46880B7719C43A67006E1F66 /* CloseSelected.png */,
				46880B7A19C43A67006E1F66 /* HelloWorld.png */,
			);
			name = Resources;
			path = ../Resources;
			sourceTree = "<group>";
		};
		46880B8319C43A87006E1F66 /* Classes */ = {
			isa = PBXGroup;
			children = (
				46880B8419C43A87006E1F66 /* AppDelegate.cpp */,
				46880B8519C43A87006E1F66 /* AppDelegate.h */,
				46880B8619C43A87006E1F66 /* HelloWorldScene.cpp */,
				46880B8719C43A87006E1F66 /* HelloWorldScene.h */,
				42AE2BA61A1C1725007CB98C /* GraphicsScene.cpp */,
				42AE2BA71A1C1725007CB98C /* GraphicsScene.h */,
				427EA4971A1E9E94000B0EDC /* GameOverScene.cpp */,
				427EA4981A1E9E94000B0EDC /* GameOverScene.h */,
				423E77471A2447EC000FAEA4 /* GameMenuScene.cpp */,
				423E77481A2447EC000FAEA4 /* GameMenuScene.h */,
				423E77521A25A979000FAEA4 /* EnemyBase.cpp */,
				423E77531A25A979000FAEA4 /* EnemyBase.h */,
				423E77551A25BD94000FAEA4 /* Monster.cpp */,
				423E77561A25BD94000FAEA4 /* Monster.h */,
				423C13D21A6B568C005308F3 /* GamePauseScene.cpp */,
				423C13D31A6B568C005308F3 /* GamePauseScene.h */,
				423C13D51A6B6B32005308F3 /* GameLevelScene.cpp */,
				423C13D61A6B6B32005308F3 /* GameLevelScene.h */,
				420BF9C21A7A0CDA003E3709 /* CreditScene.cpp */,
				420BF9C31A7A0CDA003E3709 /* CreditScene.h */,
				42B119281A7CB3ED00FCBA09 /* Item.cpp */,
				42B119291A7CB3ED00FCBA09 /* Item.h */,
			);
			name = Classes;
			path = ../Classes;
			sourceTree = "<group>";
		};
		503AE0F517EB97AB00D1A890 /* Icons */ = {
			isa = PBXGroup;
			children = (
				503AE0F617EB97AB00D1A890 /* Icon.icns */,
				503AE0F717EB97AB00D1A890 /* Info.plist */,
			);
			name = Icons;
			path = mac;
			sourceTree = SOURCE_ROOT;
		};
		503AE10617EB990700D1A890 /* mac */ = {
			isa = PBXGroup;
			children = (
				503AE0F517EB97AB00D1A890 /* Icons */,
				503AE10317EB98FF00D1A890 /* main.cpp */,
				503AE10417EB98FF00D1A890 /* Prefix.pch */,
			);
			name = mac;
			sourceTree = "<group>";
		};
		5087E77117EB970100C73F5D /* Icons */ = {
			isa = PBXGroup;
			children = (
				521A8E6219F0C34300D177D7 /* Default-667h@2x.png */,
				521A8E6319F0C34300D177D7 /* Default-736h@3x.png */,
				5087E77217EB970100C73F5D /* Default-568h@2x.png */,
				5087E77317EB970100C73F5D /* Default.png */,
				5087E77417EB970100C73F5D /* Default@2x.png */,
				50EF62A017ECD613001EB2F8 /* Icon-29.png */,
				50EF62A117ECD613001EB2F8 /* Icon-50.png */,
				50EF629217ECD46A001EB2F8 /* Icon-40.png */,
				50EF629317ECD46A001EB2F8 /* Icon-58.png */,
				50EF629417ECD46A001EB2F8 /* Icon-80.png */,
				50EF629517ECD46A001EB2F8 /* Icon-100.png */,
				5087E77517EB970100C73F5D /* Icon-114.png */,
				5087E77617EB970100C73F5D /* Icon-120.png */,
				5087E77717EB970100C73F5D /* Icon-144.png */,
				5087E77817EB970100C73F5D /* Icon-152.png */,
				5087E77917EB970100C73F5D /* Icon-57.png */,
				5087E77A17EB970100C73F5D /* Icon-72.png */,
				5087E77B17EB970100C73F5D /* Icon-76.png */,
				5087E77C17EB970100C73F5D /* Info.plist */,
			);
			name = Icons;
			path = ios;
			sourceTree = SOURCE_ROOT;
		};
/* End PBXGroup section */

/* Begin PBXNativeTarget section */
		1D6058900D05DD3D006BFB54 /* ZombieMatrix iOS */ = {
			isa = PBXNativeTarget;
			buildConfigurationList = 1D6058960D05DD3E006BFB54 /* Build configuration list for PBXNativeTarget "ZombieMatrix iOS" */;
			buildPhases = (
				1D60588D0D05DD3D006BFB54 /* Resources */,
				1D60588E0D05DD3D006BFB54 /* Sources */,
				1D60588F0D05DD3D006BFB54 /* Frameworks */,
			);
			buildRules = (
			);
			dependencies = (
				1AC6FB25180E99E1004C840B /* PBXTargetDependency */,
			);
			name = "ZombieMatrix iOS";
			productName = iphone;
			productReference = 1D6058910D05DD3D006BFB54 /* ZombieMatrix iOS.app */;
			productType = "com.apple.product-type.application";
		};
		5087E73D17EB910900C73F5D /* ZombieMatrix Mac */ = {
			isa = PBXNativeTarget;
			buildConfigurationList = 5087E76C17EB910900C73F5D /* Build configuration list for PBXNativeTarget "ZombieMatrix Mac" */;
			buildPhases = (
				5087E74817EB910900C73F5D /* Resources */,
				5087E75617EB910900C73F5D /* Sources */,
				5087E75C17EB910900C73F5D /* Frameworks */,
			);
			buildRules = (
			);
			dependencies = (
				1AC6FB16180E9959004C840B /* PBXTargetDependency */,
			);
			name = "ZombieMatrix Mac";
			productName = iphone;
			productReference = 5087E76F17EB910900C73F5D /* ZombieMatrix Mac.app */;
			productType = "com.apple.product-type.application";
		};
/* End PBXNativeTarget section */

/* Begin PBXProject section */
		29B97313FDCFA39411CA2CEA /* Project object */ = {
			isa = PBXProject;
			attributes = {
				LastUpgradeCheck = 0610;
				TargetAttributes = {
					1D6058900D05DD3D006BFB54 = {
						DevelopmentTeam = P7GEZQB5TS;
					};
				};
			};
			buildConfigurationList = C01FCF4E08A954540054247B /* Build configuration list for PBXProject "ZombieMatrix" */;
			compatibilityVersion = "Xcode 3.2";
			developmentRegion = English;
			hasScannedForEncodings = 1;
			knownRegions = (
				English,
				Japanese,
				French,
				German,
			);
			mainGroup = 29B97314FDCFA39411CA2CEA /* CustomTemplate */;
			projectDirPath = "";
			projectReferences = (
				{
					ProductGroup = 1AC6FAE6180E9839004C840B /* Products */;
					ProjectRef = 1AC6FAE5180E9839004C840B /* cocos2d_libs.xcodeproj */;
				},
			);
			projectRoot = "";
			targets = (
				1D6058900D05DD3D006BFB54 /* ZombieMatrix iOS */,
				5087E73D17EB910900C73F5D /* ZombieMatrix Mac */,
			);
		};
/* End PBXProject section */

/* Begin PBXReferenceProxy section */
		1AC6FAF9180E9839004C840B /* libcocos2d Mac.a */ = {
			isa = PBXReferenceProxy;
			fileType = archive.ar;
			path = "libcocos2d Mac.a";
			remoteRef = 1AC6FAF8180E9839004C840B /* PBXContainerItemProxy */;
			sourceTree = BUILT_PRODUCTS_DIR;
		};
		1AC6FB07180E9839004C840B /* libcocos2d iOS.a */ = {
			isa = PBXReferenceProxy;
			fileType = archive.ar;
			path = "libcocos2d iOS.a";
			remoteRef = 1AC6FB06180E9839004C840B /* PBXContainerItemProxy */;
			sourceTree = BUILT_PRODUCTS_DIR;
		};
/* End PBXReferenceProxy section */

/* Begin PBXResourcesBuildPhase section */
		1D60588D0D05DD3D006BFB54 /* Resources */ = {
			isa = PBXResourcesBuildPhase;
			buildActionMask = 2147483647;
			files = (
				420BF9D31A7B7301003E3709 /* leftArrow_pressed.png in Resources */,
				5087E78117EB970100C73F5D /* Icon-120.png in Resources */,
				427EA4951A1E8690000B0EDC /* shake.caf in Resources */,
				420BF9C81A7A0EB5003E3709 /* return_pressed.png in Resources */,
				420BF9BE1A79E3ED003E3709 /* spaceMonster3.plist in Resources */,
				420BF9D41A7B7301003E3709 /* leftArrow.png in Resources */,
				5087E78617EB970100C73F5D /* Icon-76.png in Resources */,
				420BF9D11A7B7301003E3709 /* rightArrow_pressed.png in Resources */,
				5087E77F17EB970100C73F5D /* Default@2x.png in Resources */,
				42DB18EE1A79875F0041D1C6 /* 8bit_explosion.plist in Resources */,
				50EF629917ECD46A001EB2F8 /* Icon-100.png in Resources */,
				42DB18E71A79768C0041D1C6 /* space_monster_white2.png in Resources */,
				4249BB981A77385500E44F0A /* double_boxy.fnt in Resources */,
				4280FE401A77451000DE67BC /* start_button.png in Resources */,
				5087E78317EB970100C73F5D /* Icon-152.png in Resources */,
				46880B8119C43A67006E1F66 /* HelloWorld.png in Resources */,
				46880B7D19C43A67006E1F66 /* CloseSelected.png in Resources */,
				5087E77D17EB970100C73F5D /* Default-568h@2x.png in Resources */,
				4249BB941A76154400E44F0A /* tiny_ship.png in Resources */,
				5087E78517EB970100C73F5D /* Icon-72.png in Resources */,
				42DB18F31A79C9020041D1C6 /* spaceMonster2_1.png in Resources */,
				521A8E6519F0C34300D177D7 /* Default-736h@3x.png in Resources */,
				521A8EA919F11F5000D177D7 /* fonts in Resources */,
				50EF62A317ECD613001EB2F8 /* Icon-50.png in Resources */,
				5087E78017EB970100C73F5D /* Icon-114.png in Resources */,
				50EF62A217ECD613001EB2F8 /* Icon-29.png in Resources */,
				4280FE451A774AC200DE67BC /* start.png in Resources */,
				423E77461A243606000FAEA4 /* 6-mega-x.png in Resources */,
				42BEAEBD1A1C6C560074EDFF /* Projectile.png in Resources */,
				42BEAEBC1A1C6C560074EDFF /* Player.png in Resources */,
				50EF629617ECD46A001EB2F8 /* Icon-40.png in Resources */,
				5087E78217EB970100C73F5D /* Icon-144.png in Resources */,
				3EACC98F19EE6D4300EB3C5E /* res in Resources */,
				422BE3961A6CB194005413F9 /* flyingDragon.png in Resources */,
				50EF629817ECD46A001EB2F8 /* Icon-80.png in Resources */,
				422BE3941A6CB0E9005413F9 /* dragon.png in Resources */,
				420BF9D21A7B7301003E3709 /* rightArrow.png in Resources */,
				42C69E891A73721600D17117 /* menu_background.png in Resources */,
				5087E78417EB970100C73F5D /* Icon-57.png in Resources */,
				420BF9B61A79C980003E3709 /* spaceMonster2.plist in Resources */,
				420BF9B71A79C980003E3709 /* spaceMonster2.png in Resources */,
				427EA4941A1E8690000B0EDC /* powerup.caf in Resources */,
				423C13DA1A6CB080005308F3 /* turtle.png in Resources */,
				42DB18EF1A79875F0041D1C6 /* 8bit_explosion.png in Resources */,
				42DB18E31A78CDD40041D1C6 /* space_monster_colored.png in Resources */,
				4249BB971A77385500E44F0A /* double_boxy.png in Resources */,
				420BF9C11A7A09F2003E3709 /* spaceShip.png in Resources */,
				427EA4961A1E8690000B0EDC /* SpaceGame.caf in Resources */,
				5087E77E17EB970100C73F5D /* Default.png in Resources */,
				521A8E6419F0C34300D177D7 /* Default-667h@2x.png in Resources */,
				427EA4921A1E8690000B0EDC /* laser_enemy.caf in Resources */,
				420BF9BF1A79E3ED003E3709 /* spaceMonster3.png in Resources */,
				42DB18E51A78D0620041D1C6 /* space_monster_white.png in Resources */,
				4280FE421A77485000DE67BC /* start_button_new.png in Resources */,
				427EA4911A1E8690000B0EDC /* explosion_small.caf in Resources */,
				42BEAEBB1A1C6C560074EDFF /* ninja.png in Resources */,
				42C69E961A746B6D00D17117 /* boxy_bold_font_4.png in Resources */,
				420BF9CA1A7A15D9003E3709 /* pause_pressed.png in Resources */,
				42B1192C1A7CB64F00FCBA09 /* healthPacks.png in Resources */,
				427EA4931A1E8690000B0EDC /* laser_ship.caf in Resources */,
				423C13DB1A6CB080005308F3 /* pikachu.png in Resources */,
				4280FE4D1A774E8300DE67BC /* credit_pressed.png in Resources */,
				46880B7B19C43A67006E1F66 /* CloseNormal.png in Resources */,
				50EF629717ECD46A001EB2F8 /* Icon-58.png in Resources */,
				422BE3921A6CB0AA005413F9 /* gengar.png in Resources */,
				4280FE461A774AC200DE67BC /* start_pressed.png in Resources */,
				420BF9C61A7A0EAC003E3709 /* return.png in Resources */,
				423C13D11A69D27C005308F3 /* venusaur.png in Resources */,
				423E77511A257146000FAEA4 /* space_back.png in Resources */,
				427EA4901A1E8690000B0EDC /* explosion_large.caf in Resources */,
				420BF9CC1A7A15E3003E3709 /* pause.png in Resources */,
				42DB18EB1A797A250041D1C6 /* spaceMonster1.png in Resources */,
				42DB18EA1A797A250041D1C6 /* spaceMonster1.plist in Resources */,
				423E774F1A25702A000FAEA4 /* player_ship.png in Resources */,
				42AE2BAA1A1C18AD007CB98C /* decepticon.png in Resources */,
				4280FE4E1A774E8300DE67BC /* credit.png in Resources */,
			);
			runOnlyForDeploymentPostprocessing = 0;
		};
		5087E74817EB910900C73F5D /* Resources */ = {
			isa = PBXResourcesBuildPhase;
			buildActionMask = 2147483647;
			files = (
				46880B8219C43A67006E1F66 /* HelloWorld.png in Resources */,
				503AE0F817EB97AB00D1A890 /* Icon.icns in Resources */,
				3EACC99019EE6D4300EB3C5E /* res in Resources */,
				521A8EAA19F11F5000D177D7 /* fonts in Resources */,
				46880B7C19C43A67006E1F66 /* CloseNormal.png in Resources */,
				46880B7E19C43A67006E1F66 /* CloseSelected.png in Resources */,
			);
			runOnlyForDeploymentPostprocessing = 0;
		};
/* End PBXResourcesBuildPhase section */

/* Begin PBXSourcesBuildPhase section */
		1D60588E0D05DD3D006BFB54 /* Sources */ = {
			isa = PBXSourcesBuildPhase;
			buildActionMask = 2147483647;
			files = (
				427EA4991A1E9E94000B0EDC /* GameOverScene.cpp in Sources */,
				46880B8819C43A87006E1F66 /* AppDelegate.cpp in Sources */,
				423E77571A25BD95000FAEA4 /* Monster.cpp in Sources */,
				420BF9C41A7A0CDA003E3709 /* CreditScene.cpp in Sources */,
				46880B8A19C43A87006E1F66 /* HelloWorldScene.cpp in Sources */,
				503AE10017EB989F00D1A890 /* AppController.mm in Sources */,
				42B1192A1A7CB3ED00FCBA09 /* Item.cpp in Sources */,
				503AE10217EB989F00D1A890 /* RootViewController.mm in Sources */,
				423E77541A25A979000FAEA4 /* EnemyBase.cpp in Sources */,
				423C13D41A6B568C005308F3 /* GamePauseScene.cpp in Sources */,
				503AE10117EB989F00D1A890 /* main.m in Sources */,
				42AE2BA81A1C1725007CB98C /* GraphicsScene.cpp in Sources */,
				423E77491A2447EC000FAEA4 /* GameMenuScene.cpp in Sources */,
				423C13D71A6B6B32005308F3 /* GameLevelScene.cpp in Sources */,
			);
			runOnlyForDeploymentPostprocessing = 0;
		};
		5087E75617EB910900C73F5D /* Sources */ = {
			isa = PBXSourcesBuildPhase;
			buildActionMask = 2147483647;
			files = (
				46880B8919C43A87006E1F66 /* AppDelegate.cpp in Sources */,
				503AE10517EB98FF00D1A890 /* main.cpp in Sources */,
				46880B8B19C43A87006E1F66 /* HelloWorldScene.cpp in Sources */,
			);
			runOnlyForDeploymentPostprocessing = 0;
		};
/* End PBXSourcesBuildPhase section */

/* Begin PBXTargetDependency section */
		1AC6FB16180E9959004C840B /* PBXTargetDependency */ = {
			isa = PBXTargetDependency;
			name = "cocos2dx Mac";
			targetProxy = 1AC6FB15180E9959004C840B /* PBXContainerItemProxy */;
		};
		1AC6FB25180E99E1004C840B /* PBXTargetDependency */ = {
			isa = PBXTargetDependency;
			name = "cocos2dx iOS";
			targetProxy = 1AC6FB24180E99E1004C840B /* PBXContainerItemProxy */;
		};
/* End PBXTargetDependency section */

/* Begin XCBuildConfiguration section */
		1D6058940D05DD3E006BFB54 /* Debug */ = {
			isa = XCBuildConfiguration;
			buildSettings = {
				ALWAYS_SEARCH_USER_PATHS = YES;
				CLANG_CXX_LANGUAGE_STANDARD = "c++0x";
				CLANG_WARN_CXX0X_EXTENSIONS = YES;
				CODE_SIGN_IDENTITY = "iPhone Developer";
				COMPRESS_PNG_FILES = NO;
				GCC_C_LANGUAGE_STANDARD = "compiler-default";
				GCC_DYNAMIC_NO_PIC = NO;
				GCC_INLINES_ARE_PRIVATE_EXTERN = NO;
				GCC_PRECOMPILE_PREFIX_HEADER = YES;
				GCC_PREFIX_HEADER = ios/Prefix.pch;
				GCC_PREPROCESSOR_DEFINITIONS = (
					USE_FILE32API,
					CC_TARGET_OS_IPHONE,
					"COCOS2D_DEBUG=1",
					"CC_ENABLE_CHIPMUNK_INTEGRATION=1",
				);
				GCC_SYMBOLS_PRIVATE_EXTERN = NO;
				HEADER_SEARCH_PATHS = (
					"$(inherited)",
					"$(SRCROOT)/../cocos2d/cocos/platform/ios",
					"$(SRCROOT)/../cocos2d/cocos/platform/ios/Simulation",
				);
				INFOPLIST_FILE = ios/Info.plist;
				IPHONEOS_DEPLOYMENT_TARGET = 6.0;
				LIBRARY_SEARCH_PATHS = "";
				SDKROOT = iphoneos;
				TARGETED_DEVICE_FAMILY = 1;
				USER_HEADER_SEARCH_PATHS = "";
				VALID_ARCHS = "arm64 armv7";
			};
			name = Debug;
		};
		1D6058950D05DD3E006BFB54 /* Release */ = {
			isa = XCBuildConfiguration;
			buildSettings = {
				ALWAYS_SEARCH_USER_PATHS = YES;
				CLANG_CXX_LANGUAGE_STANDARD = "c++0x";
				CLANG_WARN_CXX0X_EXTENSIONS = YES;
				CODE_SIGN_IDENTITY = "iPhone Developer";
				COMPRESS_PNG_FILES = NO;
				GCC_C_LANGUAGE_STANDARD = "compiler-default";
				GCC_INLINES_ARE_PRIVATE_EXTERN = NO;
				GCC_PRECOMPILE_PREFIX_HEADER = YES;
				GCC_PREFIX_HEADER = ios/Prefix.pch;
				GCC_PREPROCESSOR_DEFINITIONS = (
					USE_FILE32API,
					CC_TARGET_OS_IPHONE,
					"CC_ENABLE_CHIPMUNK_INTEGRATION=1",
				);
				GCC_SYMBOLS_PRIVATE_EXTERN = NO;
				HEADER_SEARCH_PATHS = (
					"$(inherited)",
					"$(SRCROOT)/../cocos2d/cocos/platform/ios",
					"$(SRCROOT)/../cocos2d/cocos/platform/ios/Simulation",
				);
				INFOPLIST_FILE = ios/Info.plist;
				IPHONEOS_DEPLOYMENT_TARGET = 6.0;
				LIBRARY_SEARCH_PATHS = "";
				SDKROOT = iphoneos;
				TARGETED_DEVICE_FAMILY = 1;
				USER_HEADER_SEARCH_PATHS = "";
				VALID_ARCHS = "arm64 armv7";
			};
			name = Release;
		};
		5087E76D17EB910900C73F5D /* Debug */ = {
			isa = XCBuildConfiguration;
			buildSettings = {
				ALWAYS_SEARCH_USER_PATHS = YES;
				CLANG_CXX_LANGUAGE_STANDARD = "c++0x";
				CLANG_CXX_LIBRARY = "libc++";
				COMBINE_HIDPI_IMAGES = YES;
				GCC_DYNAMIC_NO_PIC = NO;
				GCC_INLINES_ARE_PRIVATE_EXTERN = NO;
				GCC_PRECOMPILE_PREFIX_HEADER = YES;
				GCC_PREFIX_HEADER = mac/Prefix.pch;
				GCC_PREPROCESSOR_DEFINITIONS = (
					USE_FILE32API,
					CC_TARGET_OS_MAC,
					"COCOS2D_DEBUG=1",
					"CC_ENABLE_CHIPMUNK_INTEGRATION=1",
				);
				GCC_SYMBOLS_PRIVATE_EXTERN = NO;
				HEADER_SEARCH_PATHS = (
					"$(inherited)",
					"$(SRCROOT)/../cocos2d/cocos/platform/mac",
					"$(SRCROOT)/../cocos2d/external/glfw3/include/mac",
				);
				INFOPLIST_FILE = mac/Info.plist;
				LIBRARY_SEARCH_PATHS = "";
				USER_HEADER_SEARCH_PATHS = "";
			};
			name = Debug;
		};
		5087E76E17EB910900C73F5D /* Release */ = {
			isa = XCBuildConfiguration;
			buildSettings = {
				ALWAYS_SEARCH_USER_PATHS = YES;
				CLANG_CXX_LANGUAGE_STANDARD = "c++0x";
				CLANG_CXX_LIBRARY = "libc++";
				COMBINE_HIDPI_IMAGES = YES;
				GCC_INLINES_ARE_PRIVATE_EXTERN = NO;
				GCC_PRECOMPILE_PREFIX_HEADER = YES;
				GCC_PREFIX_HEADER = mac/Prefix.pch;
				GCC_PREPROCESSOR_DEFINITIONS = (
					USE_FILE32API,
					CC_TARGET_OS_MAC,
					"CC_ENABLE_CHIPMUNK_INTEGRATION=1",
				);
				GCC_SYMBOLS_PRIVATE_EXTERN = NO;
				HEADER_SEARCH_PATHS = (
					"$(inherited)",
					"$(SRCROOT)/../cocos2d/cocos/platform/mac",
					"$(SRCROOT)/../cocos2d/external/glfw3/include/mac",
				);
				INFOPLIST_FILE = mac/Info.plist;
				LIBRARY_SEARCH_PATHS = "";
				USER_HEADER_SEARCH_PATHS = "";
			};
			name = Release;
		};
		C01FCF4F08A954540054247B /* Debug */ = {
			isa = XCBuildConfiguration;
			buildSettings = {
				CLANG_CXX_LANGUAGE_STANDARD = "c++0x";
				CLANG_CXX_LIBRARY = "libc++";
				COPY_PHASE_STRIP = NO;
				GCC_OPTIMIZATION_LEVEL = 0;
				GCC_WARN_ABOUT_RETURN_TYPE = YES;
				GCC_WARN_UNUSED_VARIABLE = YES;
				HEADER_SEARCH_PATHS = (
					"$(SRCROOT)/../cocos2d",
					"$(SRCROOT)/../cocos2d/cocos",
					"$(SRCROOT)/../cocos2d/cocos/base",
					"$(SRCROOT)/../cocos2d/cocos/physics",
					"$(SRCROOT)/../cocos2d/cocos/math",
					"$(SRCROOT)/../cocos2d/cocos/2d",
					"$(SRCROOT)/../cocos2d/cocos/ui",
					"$(SRCROOT)/../cocos2d/cocos/network",
					"$(SRCROOT)/../cocos2d/cocos/audio/include",
					"$(SRCROOT)/../cocos2d/cocos/editor-support",
					"$(SRCROOT)/../cocos2d/extensions",
					"$(SRCROOT)/../cocos2d/external",
					"$(SRCROOT)/../cocos2d/external/chipmunk/include/chipmunk",
				);
				MACOSX_DEPLOYMENT_TARGET = 10.7;
				ONLY_ACTIVE_ARCH = YES;
				PRODUCT_NAME = "$(TARGET_NAME)";
				SDKROOT = macosx;
			};
			name = Debug;
		};
		C01FCF5008A954540054247B /* Release */ = {
			isa = XCBuildConfiguration;
			buildSettings = {
				CLANG_CXX_LANGUAGE_STANDARD = "c++0x";
				CLANG_CXX_LIBRARY = "libc++";
				GCC_WARN_ABOUT_RETURN_TYPE = YES;
				GCC_WARN_UNUSED_VARIABLE = YES;
				HEADER_SEARCH_PATHS = (
					"$(SRCROOT)/../cocos2d",
					"$(SRCROOT)/../cocos2d/cocos",
					"$(SRCROOT)/../cocos2d/cocos/base",
					"$(SRCROOT)/../cocos2d/cocos/physics",
					"$(SRCROOT)/../cocos2d/cocos/math",
					"$(SRCROOT)/../cocos2d/cocos/2d",
					"$(SRCROOT)/../cocos2d/cocos/ui",
					"$(SRCROOT)/../cocos2d/cocos/network",
					"$(SRCROOT)/../cocos2d/cocos/audio/include",
					"$(SRCROOT)/../cocos2d/cocos/editor-support",
					"$(SRCROOT)/../cocos2d/extensions",
					"$(SRCROOT)/../cocos2d/external",
					"$(SRCROOT)/../cocos2d/external/chipmunk/include/chipmunk",
				);
				MACOSX_DEPLOYMENT_TARGET = 10.7;
				OTHER_CFLAGS = "-DNS_BLOCK_ASSERTIONS=1";
				PRODUCT_NAME = "$(TARGET_NAME)";
				SDKROOT = macosx;
				VALIDATE_PRODUCT = YES;
			};
			name = Release;
		};
/* End XCBuildConfiguration section */

/* Begin XCConfigurationList section */
		1D6058960D05DD3E006BFB54 /* Build configuration list for PBXNativeTarget "ZombieMatrix iOS" */ = {
			isa = XCConfigurationList;
			buildConfigurations = (
				1D6058940D05DD3E006BFB54 /* Debug */,
				1D6058950D05DD3E006BFB54 /* Release */,
			);
			defaultConfigurationIsVisible = 0;
			defaultConfigurationName = Debug;
		};
		5087E76C17EB910900C73F5D /* Build configuration list for PBXNativeTarget "ZombieMatrix Mac" */ = {
			isa = XCConfigurationList;
			buildConfigurations = (
				5087E76D17EB910900C73F5D /* Debug */,
				5087E76E17EB910900C73F5D /* Release */,
			);
			defaultConfigurationIsVisible = 0;
			defaultConfigurationName = Debug;
		};
		C01FCF4E08A954540054247B /* Build configuration list for PBXProject "ZombieMatrix" */ = {
			isa = XCConfigurationList;
			buildConfigurations = (
				C01FCF4F08A954540054247B /* Debug */,
				C01FCF5008A954540054247B /* Release */,
			);
			defaultConfigurationIsVisible = 0;
			defaultConfigurationName = Debug;
		};
/* End XCConfigurationList section */
	};
	rootObject = 29B97313FDCFA39411CA2CEA /* Project object */;
}
